
Microsoft Visual Studio Solution File, Format Version 12.00
# Visual Studio Version 16
VisualStudioVersion = 25.0.1703.0
MinimumVisualStudioVersion = 10.0.40219.1
Project("{FAE04EC0-301F-11D3-BF4B-00C04F79EFBC}") = "homework_1_19.08.22", "homework_N_1\homework_1_19.08.22.csproj", "{9629480D-731E-4A39-890E-0959996DE732}"
EndProject
Project("{FAE04EC0-301F-11D3-BF4B-00C04F79EFBC}") = "Homework_2_19.08.22", "Homework_2\Homework_2_19.08.22.csproj", "{F41E2CA6-9FDF-4E78-8636-8C42F38F960B}"
EndProject
Project("{FAE04EC0-301F-11D3-BF4B-00C04F79EFBC}") = "Homework_3_19.08.22", "Homework_3\Homework_3_19.08.22.csproj", "{C494A809-4C06-4CDE-909E-8EB8372F7174}"
EndProject
Project("{FAE04EC0-301F-11D3-BF4B-00C04F79EFBC}") = "Homework_4_19.08.22", "Homework_4\Homework_4_19.08.22.csproj", "{80294CC7-3C60-46E1-9FF4-44ABCB132272}"
EndProject
Project("{FAE04EC0-301F-11D3-BF4B-00C04F79EFBC}") = "homework_22.08.22_1", "homework_22.08.22_1\homework_22.08.22_1.csproj", "{FBFFE266-5E0E-43D0-B92E-723B5FDA4E8A}"
EndProject
Project("{FAE04EC0-301F-11D3-BF4B-00C04F79EFBC}") = "Homework_22.08.22_2", "Homework_22.08.22_2\Homework_22.08.22_2.csproj", "{49303C56-1C42-43E7-8AAD-A4BD3BCA6DBB}"
EndProject
Project("{FAE04EC0-301F-11D3-BF4B-00C04F79EFBC}") = "Homework_22.08.22_3", "Homework_22.08.22_3\Homework_22.08.22_3.csproj", "{7400F716-BE9B-4FBD-982F-81DF1E5CD28A}"
EndProject
Project("{FAE04EC0-301F-11D3-BF4B-00C04F79EFBC}") = "Homework_28_08_22_1", "Homework_28_08_22_1\Homework_28_08_22_1.csproj", "{1D9333DE-D082-44D2-A810-A84C64C9BE60}"
EndProject
Project("{FAE04EC0-301F-11D3-BF4B-00C04F79EFBC}") = "Homework_28_08_22_2", "Homework_28_08_22_2\Homework_28_08_22_2.csproj", "{0DA3DD3E-B185-4973-8C49-D1543FFEDB7D}"
EndProject
Project("{FAE04EC0-301F-11D3-BF4B-00C04F79EFBC}") = "Homework_28_08_22_3", "Homework_28_08_22_3\Homework_28_08_22_3.csproj", "{7E8913E4-4BEC-4D0D-A218-D02588F01CE1}"
EndProject
Project("{FAE04EC0-301F-11D3-BF4B-00C04F79EFBC}") = "31_08_22", "31_08_22\31_08_22.csproj", "{E2C2FD1A-5C55-439E-936F-D1BBA347377B}"
EndProject
Project("{FAE04EC0-301F-11D3-BF4B-00C04F79EFBC}") = "31_08_22_2", "31_08_22_2\31_08_22_2.csproj", "{10E9E7B1-625B-49A5-B879-671E9132E563}"
EndProject
Project("{FAE04EC0-301F-11D3-BF4B-00C04F79EFBC}") = "31_08_22_3", "31_08_22_3\31_08_22_3.csproj", "{57AA627F-F840-4F15-B028-62314CEB0A7C}"
EndProject
Project("{FAE04EC0-301F-11D3-BF4B-00C04F79EFBC}") = "06.09.22_1", "06.09.22_1\06.09.22_1.csproj", "{4AA5F7A2-0264-4FDA-8E06-100E97C9C02E}"
EndProject
Project("{FAE04EC0-301F-11D3-BF4B-00C04F79EFBC}") = "06.09.22_2", "06.09.22_2\06.09.22_2.csproj", "{9749D597-AB2F-4644-A739-409C27DF2D41}"
EndProject
Project("{FAE04EC0-301F-11D3-BF4B-00C04F79EFBC}") = "06.09.22_3", "06.09.22_3\06.09.22_3.csproj", "{35734236-89BB-4F3F-BF56-416822593AFA}"
EndProject
Project("{FAE04EC0-301F-11D3-BF4B-00C04F79EFBC}") = "12.09.22_1", "12.09.22_1\12.09.22_1.csproj", "{ECA5534E-F87E-474E-A002-E326DF638BA7}"
EndProject
Project("{FAE04EC0-301F-11D3-BF4B-00C04F79EFBC}") = "12.09.22_2", "12.09.22_2\12.09.22_2.csproj", "{B22FAC5F-9AAC-42FA-9989-1B5779C591E5}"
EndProject
Project("{FAE04EC0-301F-11D3-BF4B-00C04F79EFBC}") = "15.09.22_1", "15.09.22_1\15.09.22_1.csproj", "{79434E6A-45AC-4FF5-AD3F-B18EF7DC89C4}"
EndProject
Project("{FAE04EC0-301F-11D3-BF4B-00C04F79EFBC}") = "15.09.22_2", "15.09.22_2\15.09.22_2.csproj", "{5A97965A-5842-42F1-BB15-F731A2B26674}"
EndProject
Project("{FAE04EC0-301F-11D3-BF4B-00C04F79EFBC}") = "15.09.22_3", "15.09.22_3\15.09.22_3.csproj", "{4CD748BF-F587-4C53-968C-EEDEF39DF5C6}"
EndProject
Project("{FAE04EC0-301F-11D3-BF4B-00C04F79EFBC}") = "19.09.22_1", "19.09.22_1\19.09.22_1.csproj", "{D2B9EAEC-4C3A-4467-AD7E-5EC3FDDF6660}"
EndProject
Project("{FAE04EC0-301F-11D3-BF4B-00C04F79EFBC}") = "19.09.22_2", "19.09.22_2\19.09.22_2.csproj", "{A44D833F-8EB3-4C60-B43A-5CDE297F5C32}"
EndProject
Project("{FAE04EC0-301F-11D3-BF4B-00C04F79EFBC}") = "19.09.22_3", "19.09.22_3\19.09.22_3.csproj", "{129C7B2A-A58A-4FC1-BAD4-56FC4A72EAE0}"
EndProject
Project("{FAE04EC0-301F-11D3-BF4B-00C04F79EFBC}") = "19.09.22_4", "19.09.22_4\19.09.22_4.csproj", "{4A28F307-A163-4644-B265-965D00249B9D}"
EndProject
Project("{FAE04EC0-301F-11D3-BF4B-00C04F79EFBC}") = "19.09.22_5", "19.09.22_5\19.09.22_5.csproj", "{3BD9FD04-8EF7-4242-8E87-DBF9CA72041C}"
EndProject
Project("{FAE04EC0-301F-11D3-BF4B-00C04F79EFBC}") = "22.09.22_1", "22.09.22_1\22.09.22_1.csproj", "{E540B45B-53D1-42F8-8FF7-3AC39375CA20}"
EndProject
Project("{FAE04EC0-301F-11D3-BF4B-00C04F79EFBC}") = "22.09.22_2", "22.09.22_2\22.09.22_2.csproj", "{099457FB-D122-4DE0-990E-D07DB36AEA7F}"
EndProject
Project("{FAE04EC0-301F-11D3-BF4B-00C04F79EFBC}") = "22.09.22_3", "22.09.22_3\22.09.22_3.csproj", "{3E116F44-5A5B-4F93-8855-8B5737BC1048}"
EndProject
Global
	GlobalSection(SolutionConfigurationPlatforms) = preSolution
		Debug|Any CPU = Debug|Any CPU
		Release|Any CPU = Release|Any CPU
	EndGlobalSection
	GlobalSection(ProjectConfigurationPlatforms) = postSolution
		{9629480D-731E-4A39-890E-0959996DE732}.Debug|Any CPU.ActiveCfg = Debug|Any CPU
		{9629480D-731E-4A39-890E-0959996DE732}.Debug|Any CPU.Build.0 = Debug|Any CPU
		{9629480D-731E-4A39-890E-0959996DE732}.Release|Any CPU.ActiveCfg = Release|Any CPU
		{9629480D-731E-4A39-890E-0959996DE732}.Release|Any CPU.Build.0 = Release|Any CPU
		{F41E2CA6-9FDF-4E78-8636-8C42F38F960B}.Debug|Any CPU.ActiveCfg = Debug|Any CPU
		{F41E2CA6-9FDF-4E78-8636-8C42F38F960B}.Debug|Any CPU.Build.0 = Debug|Any CPU
		{F41E2CA6-9FDF-4E78-8636-8C42F38F960B}.Release|Any CPU.ActiveCfg = Release|Any CPU
		{F41E2CA6-9FDF-4E78-8636-8C42F38F960B}.Release|Any CPU.Build.0 = Release|Any CPU
		{C494A809-4C06-4CDE-909E-8EB8372F7174}.Debug|Any CPU.ActiveCfg = Debug|Any CPU
		{C494A809-4C06-4CDE-909E-8EB8372F7174}.Debug|Any CPU.Build.0 = Debug|Any CPU
		{C494A809-4C06-4CDE-909E-8EB8372F7174}.Release|Any CPU.ActiveCfg = Release|Any CPU
		{C494A809-4C06-4CDE-909E-8EB8372F7174}.Release|Any CPU.Build.0 = Release|Any CPU
		{80294CC7-3C60-46E1-9FF4-44ABCB132272}.Debug|Any CPU.ActiveCfg = Debug|Any CPU
		{80294CC7-3C60-46E1-9FF4-44ABCB132272}.Debug|Any CPU.Build.0 = Debug|Any CPU
		{80294CC7-3C60-46E1-9FF4-44ABCB132272}.Release|Any CPU.ActiveCfg = Release|Any CPU
		{80294CC7-3C60-46E1-9FF4-44ABCB132272}.Release|Any CPU.Build.0 = Release|Any CPU
		{FBFFE266-5E0E-43D0-B92E-723B5FDA4E8A}.Debug|Any CPU.ActiveCfg = Debug|Any CPU
		{FBFFE266-5E0E-43D0-B92E-723B5FDA4E8A}.Debug|Any CPU.Build.0 = Debug|Any CPU
		{FBFFE266-5E0E-43D0-B92E-723B5FDA4E8A}.Release|Any CPU.ActiveCfg = Release|Any CPU
		{FBFFE266-5E0E-43D0-B92E-723B5FDA4E8A}.Release|Any CPU.Build.0 = Release|Any CPU
		{49303C56-1C42-43E7-8AAD-A4BD3BCA6DBB}.Debug|Any CPU.ActiveCfg = Debug|Any CPU
		{49303C56-1C42-43E7-8AAD-A4BD3BCA6DBB}.Debug|Any CPU.Build.0 = Debug|Any CPU
		{49303C56-1C42-43E7-8AAD-A4BD3BCA6DBB}.Release|Any CPU.ActiveCfg = Release|Any CPU
		{49303C56-1C42-43E7-8AAD-A4BD3BCA6DBB}.Release|Any CPU.Build.0 = Release|Any CPU
		{7400F716-BE9B-4FBD-982F-81DF1E5CD28A}.Debug|Any CPU.ActiveCfg = Debug|Any CPU
		{7400F716-BE9B-4FBD-982F-81DF1E5CD28A}.Debug|Any CPU.Build.0 = Debug|Any CPU
		{7400F716-BE9B-4FBD-982F-81DF1E5CD28A}.Release|Any CPU.ActiveCfg = Release|Any CPU
		{7400F716-BE9B-4FBD-982F-81DF1E5CD28A}.Release|Any CPU.Build.0 = Release|Any CPU
		{1D9333DE-D082-44D2-A810-A84C64C9BE60}.Debug|Any CPU.ActiveCfg = Debug|Any CPU
		{1D9333DE-D082-44D2-A810-A84C64C9BE60}.Debug|Any CPU.Build.0 = Debug|Any CPU
		{1D9333DE-D082-44D2-A810-A84C64C9BE60}.Release|Any CPU.ActiveCfg = Release|Any CPU
		{1D9333DE-D082-44D2-A810-A84C64C9BE60}.Release|Any CPU.Build.0 = Release|Any CPU
		{0DA3DD3E-B185-4973-8C49-D1543FFEDB7D}.Debug|Any CPU.ActiveCfg = Debug|Any CPU
		{0DA3DD3E-B185-4973-8C49-D1543FFEDB7D}.Debug|Any CPU.Build.0 = Debug|Any CPU
		{0DA3DD3E-B185-4973-8C49-D1543FFEDB7D}.Release|Any CPU.ActiveCfg = Release|Any CPU
		{0DA3DD3E-B185-4973-8C49-D1543FFEDB7D}.Release|Any CPU.Build.0 = Release|Any CPU
		{7E8913E4-4BEC-4D0D-A218-D02588F01CE1}.Debug|Any CPU.ActiveCfg = Debug|Any CPU
		{7E8913E4-4BEC-4D0D-A218-D02588F01CE1}.Debug|Any CPU.Build.0 = Debug|Any CPU
		{7E8913E4-4BEC-4D0D-A218-D02588F01CE1}.Release|Any CPU.ActiveCfg = Release|Any CPU
		{7E8913E4-4BEC-4D0D-A218-D02588F01CE1}.Release|Any CPU.Build.0 = Release|Any CPU
		{E2C2FD1A-5C55-439E-936F-D1BBA347377B}.Debug|Any CPU.ActiveCfg = Debug|Any CPU
		{E2C2FD1A-5C55-439E-936F-D1BBA347377B}.Debug|Any CPU.Build.0 = Debug|Any CPU
		{E2C2FD1A-5C55-439E-936F-D1BBA347377B}.Release|Any CPU.ActiveCfg = Release|Any CPU
		{E2C2FD1A-5C55-439E-936F-D1BBA347377B}.Release|Any CPU.Build.0 = Release|Any CPU
		{10E9E7B1-625B-49A5-B879-671E9132E563}.Debug|Any CPU.ActiveCfg = Debug|Any CPU
		{10E9E7B1-625B-49A5-B879-671E9132E563}.Debug|Any CPU.Build.0 = Debug|Any CPU
		{10E9E7B1-625B-49A5-B879-671E9132E563}.Release|Any CPU.ActiveCfg = Release|Any CPU
		{10E9E7B1-625B-49A5-B879-671E9132E563}.Release|Any CPU.Build.0 = Release|Any CPU
		{57AA627F-F840-4F15-B028-62314CEB0A7C}.Debug|Any CPU.ActiveCfg = Debug|Any CPU
		{57AA627F-F840-4F15-B028-62314CEB0A7C}.Debug|Any CPU.Build.0 = Debug|Any CPU
		{57AA627F-F840-4F15-B028-62314CEB0A7C}.Release|Any CPU.ActiveCfg = Release|Any CPU
		{57AA627F-F840-4F15-B028-62314CEB0A7C}.Release|Any CPU.Build.0 = Release|Any CPU
		{4AA5F7A2-0264-4FDA-8E06-100E97C9C02E}.Debug|Any CPU.ActiveCfg = Debug|Any CPU
		{4AA5F7A2-0264-4FDA-8E06-100E97C9C02E}.Debug|Any CPU.Build.0 = Debug|Any CPU
		{4AA5F7A2-0264-4FDA-8E06-100E97C9C02E}.Release|Any CPU.ActiveCfg = Release|Any CPU
		{4AA5F7A2-0264-4FDA-8E06-100E97C9C02E}.Release|Any CPU.Build.0 = Release|Any CPU
		{9749D597-AB2F-4644-A739-409C27DF2D41}.Debug|Any CPU.ActiveCfg = Debug|Any CPU
		{9749D597-AB2F-4644-A739-409C27DF2D41}.Debug|Any CPU.Build.0 = Debug|Any CPU
		{9749D597-AB2F-4644-A739-409C27DF2D41}.Release|Any CPU.ActiveCfg = Release|Any CPU
		{9749D597-AB2F-4644-A739-409C27DF2D41}.Release|Any CPU.Build.0 = Release|Any CPU
		{35734236-89BB-4F3F-BF56-416822593AFA}.Debug|Any CPU.ActiveCfg = Debug|Any CPU
		{35734236-89BB-4F3F-BF56-416822593AFA}.Debug|Any CPU.Build.0 = Debug|Any CPU
		{35734236-89BB-4F3F-BF56-416822593AFA}.Release|Any CPU.ActiveCfg = Release|Any CPU
		{35734236-89BB-4F3F-BF56-416822593AFA}.Release|Any CPU.Build.0 = Release|Any CPU
		{ECA5534E-F87E-474E-A002-E326DF638BA7}.Debug|Any CPU.ActiveCfg = Debug|Any CPU
		{ECA5534E-F87E-474E-A002-E326DF638BA7}.Debug|Any CPU.Build.0 = Debug|Any CPU
		{ECA5534E-F87E-474E-A002-E326DF638BA7}.Release|Any CPU.ActiveCfg = Release|Any CPU
		{ECA5534E-F87E-474E-A002-E326DF638BA7}.Release|Any CPU.Build.0 = Release|Any CPU
		{B22FAC5F-9AAC-42FA-9989-1B5779C591E5}.Debug|Any CPU.ActiveCfg = Debug|Any CPU
		{B22FAC5F-9AAC-42FA-9989-1B5779C591E5}.Debug|Any CPU.Build.0 = Debug|Any CPU
		{B22FAC5F-9AAC-42FA-9989-1B5779C591E5}.Release|Any CPU.ActiveCfg = Release|Any CPU
		{B22FAC5F-9AAC-42FA-9989-1B5779C591E5}.Release|Any CPU.Build.0 = Release|Any CPU
		{79434E6A-45AC-4FF5-AD3F-B18EF7DC89C4}.Debug|Any CPU.ActiveCfg = Debug|Any CPU
		{79434E6A-45AC-4FF5-AD3F-B18EF7DC89C4}.Debug|Any CPU.Build.0 = Debug|Any CPU
		{79434E6A-45AC-4FF5-AD3F-B18EF7DC89C4}.Release|Any CPU.ActiveCfg = Release|Any CPU
		{79434E6A-45AC-4FF5-AD3F-B18EF7DC89C4}.Release|Any CPU.Build.0 = Release|Any CPU
		{5A97965A-5842-42F1-BB15-F731A2B26674}.Debug|Any CPU.ActiveCfg = Debug|Any CPU
		{5A97965A-5842-42F1-BB15-F731A2B26674}.Debug|Any CPU.Build.0 = Debug|Any CPU
		{5A97965A-5842-42F1-BB15-F731A2B26674}.Release|Any CPU.ActiveCfg = Release|Any CPU
		{5A97965A-5842-42F1-BB15-F731A2B26674}.Release|Any CPU.Build.0 = Release|Any CPU
		{4CD748BF-F587-4C53-968C-EEDEF39DF5C6}.Debug|Any CPU.ActiveCfg = Debug|Any CPU
		{4CD748BF-F587-4C53-968C-EEDEF39DF5C6}.Debug|Any CPU.Build.0 = Debug|Any CPU
		{4CD748BF-F587-4C53-968C-EEDEF39DF5C6}.Release|Any CPU.ActiveCfg = Release|Any CPU
		{4CD748BF-F587-4C53-968C-EEDEF39DF5C6}.Release|Any CPU.Build.0 = Release|Any CPU
		{D2B9EAEC-4C3A-4467-AD7E-5EC3FDDF6660}.Debug|Any CPU.ActiveCfg = Debug|Any CPU
		{D2B9EAEC-4C3A-4467-AD7E-5EC3FDDF6660}.Debug|Any CPU.Build.0 = Debug|Any CPU
		{D2B9EAEC-4C3A-4467-AD7E-5EC3FDDF6660}.Release|Any CPU.ActiveCfg = Release|Any CPU
		{D2B9EAEC-4C3A-4467-AD7E-5EC3FDDF6660}.Release|Any CPU.Build.0 = Release|Any CPU
		{A44D833F-8EB3-4C60-B43A-5CDE297F5C32}.Debug|Any CPU.ActiveCfg = Debug|Any CPU
		{A44D833F-8EB3-4C60-B43A-5CDE297F5C32}.Debug|Any CPU.Build.0 = Debug|Any CPU
		{A44D833F-8EB3-4C60-B43A-5CDE297F5C32}.Release|Any CPU.ActiveCfg = Release|Any CPU
		{A44D833F-8EB3-4C60-B43A-5CDE297F5C32}.Release|Any CPU.Build.0 = Release|Any CPU
		{129C7B2A-A58A-4FC1-BAD4-56FC4A72EAE0}.Debug|Any CPU.ActiveCfg = Debug|Any CPU
		{129C7B2A-A58A-4FC1-BAD4-56FC4A72EAE0}.Debug|Any CPU.Build.0 = Debug|Any CPU
		{129C7B2A-A58A-4FC1-BAD4-56FC4A72EAE0}.Release|Any CPU.ActiveCfg = Release|Any CPU
		{129C7B2A-A58A-4FC1-BAD4-56FC4A72EAE0}.Release|Any CPU.Build.0 = Release|Any CPU
		{4A28F307-A163-4644-B265-965D00249B9D}.Debug|Any CPU.ActiveCfg = Debug|Any CPU
		{4A28F307-A163-4644-B265-965D00249B9D}.Debug|Any CPU.Build.0 = Debug|Any CPU
		{4A28F307-A163-4644-B265-965D00249B9D}.Release|Any CPU.ActiveCfg = Release|Any CPU
		{4A28F307-A163-4644-B265-965D00249B9D}.Release|Any CPU.Build.0 = Release|Any CPU
		{3BD9FD04-8EF7-4242-8E87-DBF9CA72041C}.Debug|Any CPU.ActiveCfg = Debug|Any CPU
		{3BD9FD04-8EF7-4242-8E87-DBF9CA72041C}.Debug|Any CPU.Build.0 = Debug|Any CPU
		{3BD9FD04-8EF7-4242-8E87-DBF9CA72041C}.Release|Any CPU.ActiveCfg = Release|Any CPU
		{3BD9FD04-8EF7-4242-8E87-DBF9CA72041C}.Release|Any CPU.Build.0 = Release|Any CPU
		{E540B45B-53D1-42F8-8FF7-3AC39375CA20}.Debug|Any CPU.ActiveCfg = Debug|Any CPU
		{E540B45B-53D1-42F8-8FF7-3AC39375CA20}.Debug|Any CPU.Build.0 = Debug|Any CPU
		{E540B45B-53D1-42F8-8FF7-3AC39375CA20}.Release|Any CPU.ActiveCfg = Release|Any CPU
		{E540B45B-53D1-42F8-8FF7-3AC39375CA20}.Release|Any CPU.Build.0 = Release|Any CPU
		{099457FB-D122-4DE0-990E-D07DB36AEA7F}.Debug|Any CPU.ActiveCfg = Debug|Any CPU
		{099457FB-D122-4DE0-990E-D07DB36AEA7F}.Debug|Any CPU.Build.0 = Debug|Any CPU
		{099457FB-D122-4DE0-990E-D07DB36AEA7F}.Release|Any CPU.ActiveCfg = Release|Any CPU
		{099457FB-D122-4DE0-990E-D07DB36AEA7F}.Release|Any CPU.Build.0 = Release|Any CPU
		{3E116F44-5A5B-4F93-8855-8B5737BC1048}.Debug|Any CPU.ActiveCfg = Debug|Any CPU
		{3E116F44-5A5B-4F93-8855-8B5737BC1048}.Debug|Any CPU.Build.0 = Debug|Any CPU
		{3E116F44-5A5B-4F93-8855-8B5737BC1048}.Release|Any CPU.ActiveCfg = Release|Any CPU
		{3E116F44-5A5B-4F93-8855-8B5737BC1048}.Release|Any CPU.Build.0 = Release|Any CPU
	EndGlobalSection
	GlobalSection(SolutionProperties) = preSolution
		HideSolutionNode = FALSE
	EndGlobalSection
	GlobalSection(ExtensibilityGlobals) = postSolution
		SolutionGuid = {85F8966C-DD67-42B7-AD86-763611AD3488}
	EndGlobalSection
EndGlobal
